
Microsoft Visual Studio Solution File, Format Version 12.00
# Visual Studio Version 17
VisualStudioVersion = 17.4.33213.308
MinimumVisualStudioVersion = 10.0.40219.1
Project("{FAE04EC0-301F-11D3-BF4B-00C04F79EFBC}") = "Bird Migration Simulator", "Bird Migration Simulator\Bird Migration Simulator.csproj", "{D96914E3-136D-4B71-B5B6-F36AE4A77135}"
EndProject
Global
	GlobalSection(SolutionConfigurationPlatforms) = preSolution
		Debug|Any CPU = Debug|Any CPU
		Release|Any CPU = Release|Any CPU
	EndGlobalSection
	GlobalSection(ProjectConfigurationPlatforms) = postSolution
		{D96914E3-136D-4B71-B5B6-F36AE4A77135}.Debug|Any CPU.ActiveCfg = Debug|Any CPU
		{D96914E3-136D-4B71-B5B6-F36AE4A77135}.Debug|Any CPU.Build.0 = Debug|Any CPU
		{D96914E3-136D-4B71-B5B6-F36AE4A77135}.Release|Any CPU.ActiveCfg = Release|Any CPU
		{D96914E3-136D-4B71-B5B6-F36AE4A77135}.Release|Any CPU.Build.0 = Release|Any CPU
	EndGlobalSection
	GlobalSection(SolutionProperties) = preSolution
		HideSolutionNode = FALSE
	EndGlobalSection
	GlobalSection(ExtensibilityGlobals) = postSolution
		SolutionGuid = {B3286717-540E-4EE8-AAB7-C56C7BF332A3}
	EndGlobalSection
EndGlobal
